
Microsoft Visual Studio Solution File, Format Version 12.00
# Visual Studio Version 17
VisualStudioVersion = 17.6.33815.320
MinimumVisualStudioVersion = 10.0.40219.1
Project("{FAE04EC0-301F-11D3-BF4B-00C04F79EFBC}") = "T5J5NS_gyak9", "T5J5NS_gyak9\T5J5NS_gyak9.csproj", "{9EC5FA9F-4CAF-4D4F-AD60-070924628F70}"
EndProject
Global
	GlobalSection(SolutionConfigurationPlatforms) = preSolution
		Debug|Any CPU = Debug|Any CPU
		Release|Any CPU = Release|Any CPU
	EndGlobalSection
	GlobalSection(ProjectConfigurationPlatforms) = postSolution
		{9EC5FA9F-4CAF-4D4F-AD60-070924628F70}.Debug|Any CPU.ActiveCfg = Debug|Any CPU
		{9EC5FA9F-4CAF-4D4F-AD60-070924628F70}.Debug|Any CPU.Build.0 = Debug|Any CPU
		{9EC5FA9F-4CAF-4D4F-AD60-070924628F70}.Release|Any CPU.ActiveCfg = Release|Any CPU
		{9EC5FA9F-4CAF-4D4F-AD60-070924628F70}.Release|Any CPU.Build.0 = Release|Any CPU
	EndGlobalSection
	GlobalSection(SolutionProperties) = preSolution
		HideSolutionNode = FALSE
	EndGlobalSection
	GlobalSection(ExtensibilityGlobals) = postSolution
		SolutionGuid = {7AC1F5DE-2677-4F46-ACE1-7BD4A041E1E0}
	EndGlobalSection
EndGlobal
